
Microsoft Visual Studio Solution File, Format Version 12.00
# Visual Studio Version 17
VisualStudioVersion = 17.5.002.0
MinimumVisualStudioVersion = 10.0.40219.1
Project("{2150E333-8FDC-42A3-9474-1A3956D46DE8}") = "csharp-prep", "csharp-prep", "{B51F644D-DDB6-4E13-A486-A7F2EB9120A2}"
EndProject
Project("{9A19103F-16F7-4668-BE54-9A1E7A4F7556}") = "Prep1", "csharp-prep\Prep1\Prep1.csproj", "{009CB83A-5BA1-4ED2-89AB-551DA8F62FFD}"
EndProject
Project("{9A19103F-16F7-4668-BE54-9A1E7A4F7556}") = "Prep2", "csharp-prep\Prep2\Prep2.csproj", "{AC54523C-D56B-409E-9741-F07B333C6689}"
EndProject
Project("{9A19103F-16F7-4668-BE54-9A1E7A4F7556}") = "Prep3", "csharp-prep\Prep3\Prep3.csproj", "{9D690827-561B-41EB-B62D-BAFC22946002}"
EndProject
Project("{9A19103F-16F7-4668-BE54-9A1E7A4F7556}") = "Prep4", "csharp-prep\Prep4\Prep4.csproj", "{3DF26FC5-AEF8-4A82-9EB8-7A5DBD2DFFC0}"
EndProject
Project("{9A19103F-16F7-4668-BE54-9A1E7A4F7556}") = "Prep5", "csharp-prep\Prep5\Prep5.csproj", "{2E79D62F-ADFB-44AA-95DA-D1DDAB8E0EFD}"
EndProject
Project("{2150E333-8FDC-42A3-9474-1A3956D46DE8}") = "foundation", "foundation", "{CA7D2FEB-C626-4F2A-A37E-BA2A81206177}"
EndProject
Project("{9A19103F-16F7-4668-BE54-9A1E7A4F7556}") = "Foundation1", "foundation\Foundation1\Foundation1.csproj", "{D7FEBCFA-4648-4635-BBA7-98C9EABD0CC3}"
EndProject
Project("{9A19103F-16F7-4668-BE54-9A1E7A4F7556}") = "Foundation2", "foundation\Foundation2\Foundation2.csproj", "{85E4A861-94B9-4F59-9937-D23D368B9B28}"
EndProject
Project("{9A19103F-16F7-4668-BE54-9A1E7A4F7556}") = "Foundation3", "foundation\Foundation3\Foundation3.csproj", "{BB2E3829-4787-4058-872C-D575ED09EDEA}"
EndProject
Project("{2150E333-8FDC-42A3-9474-1A3956D46DE8}") = "prepare", "prepare", "{EF3B8F8D-B807-4C5A-9E60-78A283C40FF5}"
EndProject
Project("{9A19103F-16F7-4668-BE54-9A1E7A4F7556}") = "Learning02", "prepare\Learning02\Learning02.csproj", "{A4DD4832-C034-41F0-87D3-DFC002C3BD8A}"
EndProject
Project("{9A19103F-16F7-4668-BE54-9A1E7A4F7556}") = "Learning03", "prepare\Learning03\Learning03.csproj", "{5F97FE00-C08A-4D8C-824D-3FABD3797F8C}"
EndProject
Project("{9A19103F-16F7-4668-BE54-9A1E7A4F7556}") = "Learning05", "prepare\Learning05\Learning05.csproj", "{7938C0DB-33D5-484B-88F4-F3C37217B114}"
EndProject
Project("{9A19103F-16F7-4668-BE54-9A1E7A4F7556}") = "Learning06", "prepare\Learning06\Learning06.csproj", "{BEE2B802-BB7B-4423-A808-7E6BC8312DA5}"
EndProject
Project("{2150E333-8FDC-42A3-9474-1A3956D46DE8}") = "prove", "prove", "{147F90F4-3802-40A5-A79D-EE78B314A9BB}"
EndProject
Project("{9A19103F-16F7-4668-BE54-9A1E7A4F7556}") = "Develop02", "prove\Develop02\Develop02.csproj", "{5DDE22D6-6ABF-430D-99BA-7CA707C7CDEC}"
EndProject
Project("{9A19103F-16F7-4668-BE54-9A1E7A4F7556}") = "Develop03", "prove\Develop03\Develop03.csproj", "{6B131A18-F85A-42FE-B7A3-4E7EC66726BC}"
EndProject
Project("{9A19103F-16F7-4668-BE54-9A1E7A4F7556}") = "Develop05", "prove\Develop05\Develop05.csproj", "{794982FD-5CB2-428A-82F4-7089920D99C8}"
EndProject
Project("{9A19103F-16F7-4668-BE54-9A1E7A4F7556}") = "Develop06", "prove\Develop06\Develop06.csproj", "{F0EBF4E8-095A-47C8-8C78-B05CBCABB16B}"
EndProject
Project("{2150E333-8FDC-42A3-9474-1A3956D46DE8}") = "sandbox", "sandbox", "{68F1A670-7E52-48BC-97F6-6A03D8CDE2C4}"
EndProject
Project("{9A19103F-16F7-4668-BE54-9A1E7A4F7556}") = "Sandbox", "sandbox\Sandbox\Sandbox.csproj", "{61699B43-701F-4A5C-A9E0-8CAC61FD02D4}"
EndProject
Global
	GlobalSection(SolutionConfigurationPlatforms) = preSolution
		Debug|Any CPU = Debug|Any CPU
		Release|Any CPU = Release|Any CPU
	EndGlobalSection
	GlobalSection(ProjectConfigurationPlatforms) = postSolution
		{009CB83A-5BA1-4ED2-89AB-551DA8F62FFD}.Debug|Any CPU.ActiveCfg = Debug|Any CPU
		{009CB83A-5BA1-4ED2-89AB-551DA8F62FFD}.Debug|Any CPU.Build.0 = Debug|Any CPU
		{009CB83A-5BA1-4ED2-89AB-551DA8F62FFD}.Release|Any CPU.ActiveCfg = Release|Any CPU
		{009CB83A-5BA1-4ED2-89AB-551DA8F62FFD}.Release|Any CPU.Build.0 = Release|Any CPU
		{AC54523C-D56B-409E-9741-F07B333C6689}.Debug|Any CPU.ActiveCfg = Debug|Any CPU
		{AC54523C-D56B-409E-9741-F07B333C6689}.Debug|Any CPU.Build.0 = Debug|Any CPU
		{AC54523C-D56B-409E-9741-F07B333C6689}.Release|Any CPU.ActiveCfg = Release|Any CPU
		{AC54523C-D56B-409E-9741-F07B333C6689}.Release|Any CPU.Build.0 = Release|Any CPU
		{9D690827-561B-41EB-B62D-BAFC22946002}.Debug|Any CPU.ActiveCfg = Debug|Any CPU
		{9D690827-561B-41EB-B62D-BAFC22946002}.Debug|Any CPU.Build.0 = Debug|Any CPU
		{9D690827-561B-41EB-B62D-BAFC22946002}.Release|Any CPU.ActiveCfg = Release|Any CPU
		{9D690827-561B-41EB-B62D-BAFC22946002}.Release|Any CPU.Build.0 = Release|Any CPU
		{3DF26FC5-AEF8-4A82-9EB8-7A5DBD2DFFC0}.Debug|Any CPU.ActiveCfg = Debug|Any CPU
		{3DF26FC5-AEF8-4A82-9EB8-7A5DBD2DFFC0}.Debug|Any CPU.Build.0 = Debug|Any CPU
		{3DF26FC5-AEF8-4A82-9EB8-7A5DBD2DFFC0}.Release|Any CPU.ActiveCfg = Release|Any CPU
		{3DF26FC5-AEF8-4A82-9EB8-7A5DBD2DFFC0}.Release|Any CPU.Build.0 = Release|Any CPU
		{2E79D62F-ADFB-44AA-95DA-D1DDAB8E0EFD}.Debug|Any CPU.ActiveCfg = Debug|Any CPU
		{2E79D62F-ADFB-44AA-95DA-D1DDAB8E0EFD}.Debug|Any CPU.Build.0 = Debug|Any CPU
		{2E79D62F-ADFB-44AA-95DA-D1DDAB8E0EFD}.Release|Any CPU.ActiveCfg = Release|Any CPU
		{2E79D62F-ADFB-44AA-95DA-D1DDAB8E0EFD}.Release|Any CPU.Build.0 = Release|Any CPU
		{D7FEBCFA-4648-4635-BBA7-98C9EABD0CC3}.Debug|Any CPU.ActiveCfg = Debug|Any CPU
		{D7FEBCFA-4648-4635-BBA7-98C9EABD0CC3}.Debug|Any CPU.Build.0 = Debug|Any CPU
		{D7FEBCFA-4648-4635-BBA7-98C9EABD0CC3}.Release|Any CPU.ActiveCfg = Release|Any CPU
		{D7FEBCFA-4648-4635-BBA7-98C9EABD0CC3}.Release|Any CPU.Build.0 = Release|Any CPU
		{85E4A861-94B9-4F59-9937-D23D368B9B28}.Debug|Any CPU.ActiveCfg = Debug|Any CPU
		{85E4A861-94B9-4F59-9937-D23D368B9B28}.Debug|Any CPU.Build.0 = Debug|Any CPU
		{85E4A861-94B9-4F59-9937-D23D368B9B28}.Release|Any CPU.ActiveCfg = Release|Any CPU
		{85E4A861-94B9-4F59-9937-D23D368B9B28}.Release|Any CPU.Build.0 = Release|Any CPU
		{BB2E3829-4787-4058-872C-D575ED09EDEA}.Debug|Any CPU.ActiveCfg = Debug|Any CPU
		{BB2E3829-4787-4058-872C-D575ED09EDEA}.Debug|Any CPU.Build.0 = Debug|Any CPU
		{BB2E3829-4787-4058-872C-D575ED09EDEA}.Release|Any CPU.ActiveCfg = Release|Any CPU
		{BB2E3829-4787-4058-872C-D575ED09EDEA}.Release|Any CPU.Build.0 = Release|Any CPU
		{A4DD4832-C034-41F0-87D3-DFC002C3BD8A}.Debug|Any CPU.ActiveCfg = Debug|Any CPU
		{A4DD4832-C034-41F0-87D3-DFC002C3BD8A}.Debug|Any CPU.Build.0 = Debug|Any CPU
		{A4DD4832-C034-41F0-87D3-DFC002C3BD8A}.Release|Any CPU.ActiveCfg = Release|Any CPU
		{A4DD4832-C034-41F0-87D3-DFC002C3BD8A}.Release|Any CPU.Build.0 = Release|Any CPU
		{5F97FE00-C08A-4D8C-824D-3FABD3797F8C}.Debug|Any CPU.ActiveCfg = Debug|Any CPU
		{5F97FE00-C08A-4D8C-824D-3FABD3797F8C}.Debug|Any CPU.Build.0 = Debug|Any CPU
		{5F97FE00-C08A-4D8C-824D-3FABD3797F8C}.Release|Any CPU.ActiveCfg = Release|Any CPU
		{5F97FE00-C08A-4D8C-824D-3FABD3797F8C}.Release|Any CPU.Build.0 = Release|Any CPU
		{7938C0DB-33D5-484B-88F4-F3C37217B114}.Debug|Any CPU.ActiveCfg = Debug|Any CPU
		{7938C0DB-33D5-484B-88F4-F3C37217B114}.Debug|Any CPU.Build.0 = Debug|Any CPU
		{7938C0DB-33D5-484B-88F4-F3C37217B114}.Release|Any CPU.ActiveCfg = Release|Any CPU
		{7938C0DB-33D5-484B-88F4-F3C37217B114}.Release|Any CPU.Build.0 = Release|Any CPU
		{BEE2B802-BB7B-4423-A808-7E6BC8312DA5}.Debug|Any CPU.ActiveCfg = Debug|Any CPU
		{BEE2B802-BB7B-4423-A808-7E6BC8312DA5}.Debug|Any CPU.Build.0 = Debug|Any CPU
		{BEE2B802-BB7B-4423-A808-7E6BC8312DA5}.Release|Any CPU.ActiveCfg = Release|Any CPU
		{BEE2B802-BB7B-4423-A808-7E6BC8312DA5}.Release|Any CPU.Build.0 = Release|Any CPU
		{5DDE22D6-6ABF-430D-99BA-7CA707C7CDEC}.Debug|Any CPU.ActiveCfg = Debug|Any CPU
		{5DDE22D6-6ABF-430D-99BA-7CA707C7CDEC}.Debug|Any CPU.Build.0 = Debug|Any CPU
		{5DDE22D6-6ABF-430D-99BA-7CA707C7CDEC}.Release|Any CPU.ActiveCfg = Release|Any CPU
		{5DDE22D6-6ABF-430D-99BA-7CA707C7CDEC}.Release|Any CPU.Build.0 = Release|Any CPU
		{6B131A18-F85A-42FE-B7A3-4E7EC66726BC}.Debug|Any CPU.ActiveCfg = Debug|Any CPU
		{6B131A18-F85A-42FE-B7A3-4E7EC66726BC}.Debug|Any CPU.Build.0 = Debug|Any CPU
		{6B131A18-F85A-42FE-B7A3-4E7EC66726BC}.Release|Any CPU.ActiveCfg = Release|Any CPU
		{6B131A18-F85A-42FE-B7A3-4E7EC66726BC}.Release|Any CPU.Build.0 = Release|Any CPU
		{794982FD-5CB2-428A-82F4-7089920D99C8}.Debug|Any CPU.ActiveCfg = Debug|Any CPU
		{794982FD-5CB2-428A-82F4-7089920D99C8}.Debug|Any CPU.Build.0 = Debug|Any CPU
		{794982FD-5CB2-428A-82F4-7089920D99C8}.Release|Any CPU.ActiveCfg = Release|Any CPU
		{794982FD-5CB2-428A-82F4-7089920D99C8}.Release|Any CPU.Build.0 = Release|Any CPU
		{F0EBF4E8-095A-47C8-8C78-B05CBCABB16B}.Debug|Any CPU.ActiveCfg = Debug|Any CPU
		{F0EBF4E8-095A-47C8-8C78-B05CBCABB16B}.Debug|Any CPU.Build.0 = Debug|Any CPU
		{F0EBF4E8-095A-47C8-8C78-B05CBCABB16B}.Release|Any CPU.ActiveCfg = Release|Any CPU
		{F0EBF4E8-095A-47C8-8C78-B05CBCABB16B}.Release|Any CPU.Build.0 = Release|Any CPU
		{61699B43-701F-4A5C-A9E0-8CAC61FD02D4}.Debug|Any CPU.ActiveCfg = Debug|Any CPU
		{61699B43-701F-4A5C-A9E0-8CAC61FD02D4}.Debug|Any CPU.Build.0 = Debug|Any CPU
		{61699B43-701F-4A5C-A9E0-8CAC61FD02D4}.Release|Any CPU.ActiveCfg = Release|Any CPU
		{61699B43-701F-4A5C-A9E0-8CAC61FD02D4}.Release|Any CPU.Build.0 = Release|Any CPU
	EndGlobalSection
	GlobalSection(SolutionProperties) = preSolution
		HideSolutionNode = FALSE
	EndGlobalSection
	GlobalSection(NestedProjects) = preSolution
		{009CB83A-5BA1-4ED2-89AB-551DA8F62FFD} = {B51F644D-DDB6-4E13-A486-A7F2EB9120A2}
		{AC54523C-D56B-409E-9741-F07B333C6689} = {B51F644D-DDB6-4E13-A486-A7F2EB9120A2}
		{9D690827-561B-41EB-B62D-BAFC22946002} = {B51F644D-DDB6-4E13-A486-A7F2EB9120A2}
		{3DF26FC5-AEF8-4A82-9EB8-7A5DBD2DFFC0} = {B51F644D-DDB6-4E13-A486-A7F2EB9120A2}
		{2E79D62F-ADFB-44AA-95DA-D1DDAB8E0EFD} = {B51F644D-DDB6-4E13-A486-A7F2EB9120A2}
		{D7FEBCFA-4648-4635-BBA7-98C9EABD0CC3} = {CA7D2FEB-C626-4F2A-A37E-BA2A81206177}
		{85E4A861-94B9-4F59-9937-D23D368B9B28} = {CA7D2FEB-C626-4F2A-A37E-BA2A81206177}
		{BB2E3829-4787-4058-872C-D575ED09EDEA} = {CA7D2FEB-C626-4F2A-A37E-BA2A81206177}
		{A4DD4832-C034-41F0-87D3-DFC002C3BD8A} = {EF3B8F8D-B807-4C5A-9E60-78A283C40FF5}
		{5F97FE00-C08A-4D8C-824D-3FABD3797F8C} = {EF3B8F8D-B807-4C5A-9E60-78A283C40FF5}
		{7938C0DB-33D5-484B-88F4-F3C37217B114} = {EF3B8F8D-B807-4C5A-9E60-78A283C40FF5}
		{BEE2B802-BB7B-4423-A808-7E6BC8312DA5} = {EF3B8F8D-B807-4C5A-9E60-78A283C40FF5}
		{5DDE22D6-6ABF-430D-99BA-7CA707C7CDEC} = {147F90F4-3802-40A5-A79D-EE78B314A9BB}
		{6B131A18-F85A-42FE-B7A3-4E7EC66726BC} = {147F90F4-3802-40A5-A79D-EE78B314A9BB}
		{794982FD-5CB2-428A-82F4-7089920D99C8} = {147F90F4-3802-40A5-A79D-EE78B314A9BB}
		{F0EBF4E8-095A-47C8-8C78-B05CBCABB16B} = {147F90F4-3802-40A5-A79D-EE78B314A9BB}
		{61699B43-701F-4A5C-A9E0-8CAC61FD02D4} = {68F1A670-7E52-48BC-97F6-6A03D8CDE2C4}
	EndGlobalSection
	GlobalSection(ExtensibilityGlobals) = postSolution
		SolutionGuid = {CDE74632-1E61-45F2-89C1-BE4E2D3C94BA}
	EndGlobalSection
EndGlobal
